// !$*UTF8*$!
{
	archiveVersion = 1;
	classes = {
	};
	objectVersion = 46;
	objects = {

/* Begin PBXBuildFile section */
		CB0FF7B21BA8B83C00702666 /* AppDelegate.swift in Sources */ = {isa = PBXBuildFile; fileRef = CB0FF7B11BA8B83C00702666 /* AppDelegate.swift */; };
		CB0FF7B71BA8B83C00702666 /* Main.storyboard in Resources */ = {isa = PBXBuildFile; fileRef = CB0FF7B51BA8B83C00702666 /* Main.storyboard */; };
		CB0FF7B91BA8B83C00702666 /* Assets.xcassets in Resources */ = {isa = PBXBuildFile; fileRef = CB0FF7B81BA8B83C00702666 /* Assets.xcassets */; };
		CB0FF7BC1BA8B83C00702666 /* LaunchScreen.storyboard in Resources */ = {isa = PBXBuildFile; fileRef = CB0FF7BA1BA8B83C00702666 /* LaunchScreen.storyboard */; };
		CB0FF7C41BA8B88800702666 /* MoviesViewController.swift in Sources */ = {isa = PBXBuildFile; fileRef = CB0FF7C31BA8B88800702666 /* MoviesViewController.swift */; settings = {ASSET_TAGS = (); }; };
		CB0FF7C71BA8C32200702666 /* box_office.json in Resources */ = {isa = PBXBuildFile; fileRef = CB0FF7C61BA8C32200702666 /* box_office.json */; settings = {ASSET_TAGS = (); }; };
/* End PBXBuildFile section */

/* Begin PBXFileReference section */
		CB0FF7AE1BA8B83B00702666 /* RottenTomatoes.app */ = {isa = PBXFileReference; explicitFileType = wrapper.application; includeInIndex = 0; path = RottenTomatoes.app; sourceTree = BUILT_PRODUCTS_DIR; };
		CB0FF7B11BA8B83C00702666 /* AppDelegate.swift */ = {isa = PBXFileReference; lastKnownFileType = sourcecode.swift; path = AppDelegate.swift; sourceTree = "<group>"; };
		CB0FF7B61BA8B83C00702666 /* Base */ = {isa = PBXFileReference; lastKnownFileType = file.storyboard; name = Base; path = Base.lproj/Main.storyboard; sourceTree = "<group>"; };
		CB0FF7B81BA8B83C00702666 /* Assets.xcassets */ = {isa = PBXFileReference; lastKnownFileType = folder.assetcatalog; path = Assets.xcassets; sourceTree = "<group>"; };
		CB0FF7BB1BA8B83C00702666 /* Base */ = {isa = PBXFileReference; lastKnownFileType = file.storyboard; name = Base; path = Base.lproj/LaunchScreen.storyboard; sourceTree = "<group>"; };
		CB0FF7BD1BA8B83C00702666 /* Info.plist */ = {isa = PBXFileReference; lastKnownFileType = text.plist.xml; path = Info.plist; sourceTree = "<group>"; };
		CB0FF7C31BA8B88800702666 /* MoviesViewController.swift */ = {isa = PBXFileReference; fileEncoding = 4; lastKnownFileType = sourcecode.swift; name = MoviesViewController.swift; path = ../MoviesViewController.swift; sourceTree = "<group>"; };
		CB0FF7C61BA8C32200702666 /* box_office.json */ = {isa = PBXFileReference; fileEncoding = 4; lastKnownFileType = text.json; path = box_office.json; sourceTree = "<group>"; };
/* End PBXFileReference section */

/* Begin PBXFrameworksBuildPhase section */
		CB0FF7AB1BA8B83B00702666 /* Frameworks */ = {
			isa = PBXFrameworksBuildPhase;
			buildActionMask = 2147483647;
			files = (
			);
			runOnlyForDeploymentPostprocessing = 0;
		};
/* End PBXFrameworksBuildPhase section */

/* Begin PBXGroup section */
		CB0FF7A51BA8B83B00702666 = {
			isa = PBXGroup;
			children = (
				CB0FF7B01BA8B83C00702666 /* RottenTomatoes */,
				CB0FF7AF1BA8B83B00702666 /* Products */,
			);
			sourceTree = "<group>";
		};
		CB0FF7AF1BA8B83B00702666 /* Products */ = {
			isa = PBXGroup;
			children = (
				CB0FF7AE1BA8B83B00702666 /* RottenTomatoes.app */,
			);
			name = Products;
			sourceTree = "<group>";
		};
		CB0FF7B01BA8B83C00702666 /* RottenTomatoes */ = {
			isa = PBXGroup;
			children = (
				CB0FF7C51BA8B88D00702666 /* View Controllers */,
				CB0FF7B11BA8B83C00702666 /* AppDelegate.swift */,
				CB0FF7B51BA8B83C00702666 /* Main.storyboard */,
				CB0FF7B81BA8B83C00702666 /* Assets.xcassets */,
				CB0FF7BA1BA8B83C00702666 /* LaunchScreen.storyboard */,
				CB0FF7BD1BA8B83C00702666 /* Info.plist */,
				CB0FF7C61BA8C32200702666 /* box_office.json */,
			);
			path = RottenTomatoes;
			sourceTree = "<group>";
		};
		CB0FF7C51BA8B88D00702666 /* View Controllers */ = {
			isa = PBXGroup;
			children = (
				CB0FF7C31BA8B88800702666 /* MoviesViewController.swift */,
			);
			name = "View Controllers";
			sourceTree = "<group>";
		};
/* End PBXGroup section */

/* Begin PBXNativeTarget section */
		CB0FF7AD1BA8B83B00702666 /* RottenTomatoes */ = {
			isa = PBXNativeTarget;
			buildConfigurationList = CB0FF7C01BA8B83C00702666 /* Build configuration list for PBXNativeTarget "RottenTomatoes" */;
			buildPhases = (
				CB0FF7AA1BA8B83B00702666 /* Sources */,
				CB0FF7AB1BA8B83B00702666 /* Frameworks */,
				CB0FF7AC1BA8B83B00702666 /* Resources */,
			);
			buildRules = (
			);
			dependencies = (
			);
			name = RottenTomatoes;
			productName = RottenTomatoes;
			productReference = CB0FF7AE1BA8B83B00702666 /* RottenTomatoes.app */;
			productType = "com.apple.product-type.application";
		};
/* End PBXNativeTarget section */

/* Begin PBXProject section */
		CB0FF7A61BA8B83B00702666 /* Project object */ = {
			isa = PBXProject;
			attributes = {
				LastUpgradeCheck = 0700;
				ORGANIZATIONNAME = mattgoo;
				TargetAttributes = {
					CB0FF7AD1BA8B83B00702666 = {
						CreatedOnToolsVersion = 7.0;
						DevelopmentTeam = FSZADMTCQM;
					};
				};
			};
			buildConfigurationList = CB0FF7A91BA8B83B00702666 /* Build configuration list for PBXProject "RottenTomatoes" */;
			compatibilityVersion = "Xcode 3.2";
			developmentRegion = English;
			hasScannedForEncodings = 0;
			knownRegions = (
				en,
				Base,
			);
			mainGroup = CB0FF7A51BA8B83B00702666;
			productRefGroup = CB0FF7AF1BA8B83B00702666 /* Products */;
			projectDirPath = "";
			projectRoot = "";
			targets = (
				CB0FF7AD1BA8B83B00702666 /* RottenTomatoes */,
			);
		};
/* End PBXProject section */

/* Begin PBXResourcesBuildPhase section */
		CB0FF7AC1BA8B83B00702666 /* Resources */ = {
			isa = PBXResourcesBuildPhase;
			buildActionMask = 2147483647;
			files = (
				CB0FF7BC1BA8B83C00702666 /* LaunchScreen.storyboard in Resources */,
				CB0FF7B91BA8B83C00702666 /* Assets.xcassets in Resources */,
				CB0FF7B71BA8B83C00702666 /* Main.storyboard in Resources */,
				CB0FF7C71BA8C32200702666 /* box_office.json in Resources */,
			);
			runOnlyForDeploymentPostprocessing = 0;
		};
/* End PBXResourcesBuildPhase section */

/* Begin PBXSourcesBuildPhase section */
		CB0FF7AA1BA8B83B00702666 /* Sources */ = {
			isa = PBXSourcesBuildPhase;
			buildActionMask = 2147483647;
			files = (
				CB0FF7B21BA8B83C00702666 /* AppDelegate.swift in Sources */,
				CB0FF7C41BA8B88800702666 /* MoviesViewController.swift in Sources */,
			);
			runOnlyForDeploymentPostprocessing = 0;
		};
/* End PBXSourcesBuildPhase section */

/* Begin PBXVariantGroup section */
		CB0FF7B51BA8B83C00702666 /* Main.storyboard */ = {
			isa = PBXVariantGroup;
			children = (
				CB0FF7B61BA8B83C00702666 /* Base */,
			);
			name = Main.storyboard;
			sourceTree = "<group>";
		};
		CB0FF7BA1BA8B83C00702666 /* LaunchScreen.storyboard */ = {
			isa = PBXVariantGroup;
			children = (
				CB0FF7BB1BA8B83C00702666 /* Base */,
			);
			name = LaunchScreen.storyboard;
			sourceTree = "<group>";
		};
/* End PBXVariantGroup section */

/* Begin XCBuildConfiguration section */
		CB0FF7BE1BA8B83C00702666 /* Debug */ = {
			isa = XCBuildConfiguration;
			buildSettings = {
				ALWAYS_SEARCH_USER_PATHS = NO;
				CLANG_CXX_LANGUAGE_STANDARD = "gnu++0x";
				CLANG_CXX_LIBRARY = "libc++";
				CLANG_ENABLE_MODULES = YES;
				CLANG_ENABLE_OBJC_ARC = YES;
				CLANG_WARN_BOOL_CONVERSION = YES;
				CLANG_WARN_CONSTANT_CONVERSION = YES;
				CLANG_WARN_DIRECT_OBJC_ISA_USAGE = YES_ERROR;
				CLANG_WARN_EMPTY_BODY = YES;
				CLANG_WARN_ENUM_CONVERSION = YES;
				CLANG_WARN_INT_CONVERSION = YES;
				CLANG_WARN_OBJC_ROOT_CLASS = YES_ERROR;
				CLANG_WARN_UNREACHABLE_CODE = YES;
				CLANG_WARN__DUPLICATE_METHOD_MATCH = YES;
				"CODE_SIGN_IDENTITY[sdk=iphoneos*]" = "iPhone Developer";
				COPY_PHASE_STRIP = NO;
				DEBUG_INFORMATION_FORMAT = dwarf;
				ENABLE_STRICT_OBJC_MSGSEND = YES;
				ENABLE_TESTABILITY = YES;
				GCC_C_LANGUAGE_STANDARD = gnu99;
				GCC_DYNAMIC_NO_PIC = NO;
				GCC_NO_COMMON_BLOCKS = YES;
				GCC_OPTIMIZATION_LEVEL = 0;
				GCC_PREPROCESSOR_DEFINITIONS = (
					"DEBUG=1",
					"$(inherited)",
				);
				GCC_WARN_64_TO_32_BIT_CONVERSION = YES;
				GCC_WARN_ABOUT_RETURN_TYPE = YES_ERROR;
				GCC_WARN_UNDECLARED_SELECTOR = YES;
				GCC_WARN_UNINITIALIZED_AUTOS = YES_AGGRESSIVE;
				GCC_WARN_UNUSED_FUNCTION = YES;
				GCC_WARN_UNUSED_VARIABLE = YES;
				IPHONEOS_DEPLOYMENT_TARGET = 9.0;
				MTL_ENABLE_DEBUG_INFO = YES;
				ONLY_ACTIVE_ARCH = YES;
				SDKROOT = iphoneos;
				SWIFT_OPTIMIZATION_LEVEL = "-Onone";
			};
			name = Debug;
		};
		CB0FF7BF1BA8B83C00702666 /* Release */ = {
			isa = XCBuildConfiguration;
			buildSettings = {
				ALWAYS_SEARCH_USER_PATHS = NO;
				CLANG_CXX_LANGUAGE_STANDARD = "gnu++0x";
				CLANG_CXX_LIBRARY = "libc++";
				CLANG_ENABLE_MODULES = YES;
				CLANG_ENABLE_OBJC_ARC = YES;
				CLANG_WARN_BOOL_CONVERSION = YES;
				CLANG_WARN_CONSTANT_CONVERSION = YES;
				CLANG_WARN_DIRECT_OBJC_ISA_USAGE = YES_ERROR;
				CLANG_WARN_EMPTY_BODY = YES;
				CLANG_WARN_ENUM_CONVERSION = YES;
				CLANG_WARN_INT_CONVERSION = YES;
				CLANG_WARN_OBJC_ROOT_CLASS = YES_ERROR;
				CLANG_WARN_UNREACHABLE_CODE = YES;
				CLANG_WARN__DUPLICATE_METHOD_MATCH = YES;
				"CODE_SIGN_IDENTITY[sdk=iphoneos*]" = "iPhone Developer";
				COPY_PHASE_STRIP = NO;
				DEBUG_INFORMATION_FORMAT = "dwarf-with-dsym";
				ENABLE_NS_ASSERTIONS = NO;
				ENABLE_STRICT_OBJC_MSGSEND = YES;
				GCC_C_LANGUAGE_STANDARD = gnu99;
				GCC_NO_COMMON_BLOCKS = YES;
				GCC_WARN_64_TO_32_BIT_CONVERSION = YES;
				GCC_WARN_ABOUT_RETURN_TYPE = YES_ERROR;
				GCC_WARN_UNDECLARED_SELECTOR = YES;
				GCC_WARN_UNINITIALIZED_AUTOS = YES_AGGRESSIVE;
				GCC_WARN_UNUSED_FUNCTION = YES;
				GCC_WARN_UNUSED_VARIABLE = YES;
				IPHONEOS_DEPLOYMENT_TARGET = 9.0;
				MTL_ENABLE_DEBUG_INFO = NO;
				SDKROOT = iphoneos;
				VALIDATE_PRODUCT = YES;
			};
			name = Release;
		};
		CB0FF7C11BA8B83C00702666 /* Debug */ = {
			isa = XCBuildConfiguration;
			buildSettings = {
				ASSETCATALOG_COMPILER_APPICON_NAME = AppIcon;
				INFOPLIST_FILE = RottenTomatoes/Info.plist;
				LD_RUNPATH_SEARCH_PATHS = "$(inherited) @executable_path/Frameworks";
				PRODUCT_BUNDLE_IDENTIFIER = mattgoo.RottenTomatoes;
				PRODUCT_NAME = "$(TARGET_NAME)";
			};
			name = Debug;
		};
		CB0FF7C21BA8B83C00702666 /* Release */ = {
			isa = XCBuildConfiguration;
			buildSettings = {
				ASSETCATALOG_COMPILER_APPICON_NAME = AppIcon;
				INFOPLIST_FILE = RottenTomatoes/Info.plist;
				LD_RUNPATH_SEARCH_PATHS = "$(inherited) @executable_path/Frameworks";
				PRODUCT_BUNDLE_IDENTIFIER = mattgoo.RottenTomatoes;
				PRODUCT_NAME = "$(TARGET_NAME)";
			};
			name = Release;
		};
/* End XCBuildConfiguration section */

/* Begin XCConfigurationList section */
		CB0FF7A91BA8B83B00702666 /* Build configuration list for PBXProject "RottenTomatoes" */ = {
			isa = XCConfigurationList;
			buildConfigurations = (
				CB0FF7BE1BA8B83C00702666 /* Debug */,
				CB0FF7BF1BA8B83C00702666 /* Release */,
			);
			defaultConfigurationIsVisible = 0;
			defaultConfigurationName = Release;
		};
		CB0FF7C01BA8B83C00702666 /* Build configuration list for PBXNativeTarget "RottenTomatoes" */ = {
			isa = XCConfigurationList;
			buildConfigurations = (
				CB0FF7C11BA8B83C00702666 /* Debug */,
				CB0FF7C21BA8B83C00702666 /* Release */,
			);
			defaultConfigurationIsVisible = 0;
		};
/* End XCConfigurationList section */
	};
	rootObject = CB0FF7A61BA8B83B00702666 /* Project object */;
}
